
Microsoft Visual Studio Solution File, Format Version 12.00
# Visual Studio 15
Project("{FAE04EC0-301F-11D3-BF4B-00C04F79EFBC}") = "Assembly-CSharp", "Assembly-CSharp.csproj", "{CACC1D50-8057-EC89-7B3C-2807F7D659B1}"
EndProject
Project("{FAE04EC0-301F-11D3-BF4B-00C04F79EFBC}") = "Assembly-CSharp-Editor", "Assembly-CSharp-Editor.csproj", "{04D273F3-7EAA-BF45-6D8A-28286CE41B21}"
EndProject
Global
	GlobalSection(SolutionConfigurationPlatforms) = preSolution
		Debug|Any CPU = Debug|Any CPU
		Release|Any CPU = Release|Any CPU
	EndGlobalSection
	GlobalSection(ProjectConfigurationPlatforms) = postSolution
		{CACC1D50-8057-EC89-7B3C-2807F7D659B1}.Debug|Any CPU.ActiveCfg = Debug|Any CPU
		{CACC1D50-8057-EC89-7B3C-2807F7D659B1}.Debug|Any CPU.Build.0 = Debug|Any CPU
		{CACC1D50-8057-EC89-7B3C-2807F7D659B1}.Release|Any CPU.ActiveCfg = Release|Any CPU
		{CACC1D50-8057-EC89-7B3C-2807F7D659B1}.Release|Any CPU.Build.0 = Release|Any CPU
		{04D273F3-7EAA-BF45-6D8A-28286CE41B21}.Debug|Any CPU.ActiveCfg = Debug|Any CPU
		{04D273F3-7EAA-BF45-6D8A-28286CE41B21}.Debug|Any CPU.Build.0 = Debug|Any CPU
		{04D273F3-7EAA-BF45-6D8A-28286CE41B21}.Release|Any CPU.ActiveCfg = Release|Any CPU
		{04D273F3-7EAA-BF45-6D8A-28286CE41B21}.Release|Any CPU.Build.0 = Release|Any CPU
	EndGlobalSection
	GlobalSection(SolutionProperties) = preSolution
		HideSolutionNode = FALSE
	EndGlobalSection
EndGlobal
